// !$*UTF8*$!
{
	archiveVersion = 1;
	classes = {
	};
	objectVersion = 77;
	objects = {

/* Begin PBXBuildFile section */
		9E562CC22F71119200B65177 /* SnapKit in Frameworks */ = {isa = PBXBuildFile; productRef = 9E562CC12F71119200B65177 /* SnapKit */; };
		9E562CC52F71120100B65177 /* Kingfisher in Frameworks */ = {isa = PBXBuildFile; productRef = 9E562CC42F71120100B65177 /* Kingfisher */; };
		9E562CC82F71125600B65177 /* Toast in Frameworks */ = {isa = PBXBuildFile; productRef = 9E562CC72F71125600B65177 /* Toast */; };
		9E562CCB2F71126B00B65177 /* Alamofire in Frameworks */ = {isa = PBXBuildFile; productRef = 9E562CCA2F71126B00B65177 /* Alamofire */; };
		9E562CCE2F71129C00B65177 /* RxCocoa in Frameworks */ = {isa = PBXBuildFile; productRef = 9E562CCD2F71129C00B65177 /* RxCocoa */; };
		9E562CD02F71129C00B65177 /* RxSwift in Frameworks */ = {isa = PBXBuildFile; productRef = 9E562CCF2F71129C00B65177 /* RxSwift */; };
		9E562CDB2F71299500B65177 /* 고양일산 L.TTF in Resources */ = {isa = PBXBuildFile; fileRef = 9E562CD92F71299500B65177 /* 고양일산 L.TTF */; };
		9E562CDC2F71299500B65177 /* 고양일산 R.TTF in Resources */ = {isa = PBXBuildFile; fileRef = 9E562CDA2F71299500B65177 /* 고양일산 R.TTF */; };
		9E562CDF2F7129A400B65177 /* GowunBatang-Bold.ttf in Resources */ = {isa = PBXBuildFile; fileRef = 9E562CDD2F7129A400B65177 /* GowunBatang-Bold.ttf */; };
		9E562CE02F7129A400B65177 /* GowunBatang-Regular.ttf in Resources */ = {isa = PBXBuildFile; fileRef = 9E562CDE2F7129A400B65177 /* GowunBatang-Regular.ttf */; };
		9EBA918F2F865000000EE9D1 /* WidgetKit.framework in Frameworks */ = {isa = PBXBuildFile; fileRef = 9EBA918E2F865000000EE9D1 /* WidgetKit.framework */; };
		9EBA91912F865000000EE9D1 /* SwiftUI.framework in Frameworks */ = {isa = PBXBuildFile; fileRef = 9EBA91902F865000000EE9D1 /* SwiftUI.framework */; };
		9EBA919C2F865001000EE9D1 /* UnderLineWidgetExtension.appex in Embed Foundation Extensions */ = {isa = PBXBuildFile; fileRef = 9EBA918C2F865000000EE9D1 /* UnderLineWidgetExtension.appex */; settings = {ATTRIBUTES = (RemoveHeadersOnCopy, ); }; };
		9EBA91AC2F86545F000EE9D1 /* 고양일산 L.TTF in Resources */ = {isa = PBXBuildFile; fileRef = 9E562CD92F71299500B65177 /* 고양일산 L.TTF */; };
		9EBA91AD2F86545F000EE9D1 /* 고양일산 R.TTF in Resources */ = {isa = PBXBuildFile; fileRef = 9E562CDA2F71299500B65177 /* 고양일산 R.TTF */; };
		9EBA91AE2F86545F000EE9D1 /* GowunBatang-Bold.ttf in Resources */ = {isa = PBXBuildFile; fileRef = 9E562CDD2F7129A400B65177 /* GowunBatang-Bold.ttf */; };
		9EBA91AF2F86545F000EE9D1 /* GowunBatang-Regular.ttf in Resources */ = {isa = PBXBuildFile; fileRef = 9E562CDE2F7129A400B65177 /* GowunBatang-Regular.ttf */; };
/* End PBXBuildFile section */

/* Begin PBXContainerItemProxy section */
		9EBA919A2F865001000EE9D1 /* PBXContainerItemProxy */ = {
			isa = PBXContainerItemProxy;
			containerPortal = 9E562C012F710D0500B65177 /* Project object */;
			proxyType = 1;
			remoteGlobalIDString = 9EBA918B2F865000000EE9D1;
			remoteInfo = UnderLineWidgetExtension;
		};
/* End PBXContainerItemProxy section */

/* Begin PBXCopyFilesBuildPhase section */
		9EBA91A12F865001000EE9D1 /* Embed Foundation Extensions */ = {
			isa = PBXCopyFilesBuildPhase;
			buildActionMask = 2147483647;
			dstPath = "";
			dstSubfolderSpec = 13;
			files = (
				9EBA919C2F865001000EE9D1 /* UnderLineWidgetExtension.appex in Embed Foundation Extensions */,
			);
			name = "Embed Foundation Extensions";
			runOnlyForDeploymentPostprocessing = 0;
		};
/* End PBXCopyFilesBuildPhase section */

/* Begin PBXFileReference section */
		9E562C092F710D0500B65177 /* Under_line.app */ = {isa = PBXFileReference; explicitFileType = wrapper.application; includeInIndex = 0; path = Under_line.app; sourceTree = BUILT_PRODUCTS_DIR; };
		9E562CD92F71299500B65177 /* 고양일산 L.TTF */ = {isa = PBXFileReference; lastKnownFileType = file; path = "고양일산 L.TTF"; sourceTree = "<group>"; };
		9E562CDA2F71299500B65177 /* 고양일산 R.TTF */ = {isa = PBXFileReference; lastKnownFileType = file; path = "고양일산 R.TTF"; sourceTree = "<group>"; };
		9E562CDD2F7129A400B65177 /* GowunBatang-Bold.ttf */ = {isa = PBXFileReference; lastKnownFileType = file; path = "GowunBatang-Bold.ttf"; sourceTree = "<group>"; };
		9E562CDE2F7129A400B65177 /* GowunBatang-Regular.ttf */ = {isa = PBXFileReference; lastKnownFileType = file; path = "GowunBatang-Regular.ttf"; sourceTree = "<group>"; };
		9EBA918C2F865000000EE9D1 /* UnderLineWidgetExtension.appex */ = {isa = PBXFileReference; explicitFileType = "wrapper.app-extension"; includeInIndex = 0; path = UnderLineWidgetExtension.appex; sourceTree = BUILT_PRODUCTS_DIR; };
		9EBA918E2F865000000EE9D1 /* WidgetKit.framework */ = {isa = PBXFileReference; lastKnownFileType = wrapper.framework; name = WidgetKit.framework; path = System/Library/Frameworks/WidgetKit.framework; sourceTree = SDKROOT; };
		9EBA91902F865000000EE9D1 /* SwiftUI.framework */ = {isa = PBXFileReference; lastKnownFileType = wrapper.framework; name = SwiftUI.framework; path = System/Library/Frameworks/SwiftUI.framework; sourceTree = SDKROOT; };
		9EBA91A82F86501B000EE9D1 /* UnderLineWidgetExtension.entitlements */ = {isa = PBXFileReference; lastKnownFileType = text.plist.entitlements; path = UnderLineWidgetExtension.entitlements; sourceTree = "<group>"; };
/* End PBXFileReference section */

/* Begin PBXFileSystemSynchronizedBuildFileExceptionSet section */
		9E562C1B2F710D0700B65177 /* Exceptions for "Under_line" folder in "Under_line" target */ = {
			isa = PBXFileSystemSynchronizedBuildFileExceptionSet;
			membershipExceptions = (
				Info.plist,
			);
			target = 9E562C082F710D0500B65177 /* Under_line */;
		};
		9EB62EC72F89434200C4486B /* Exceptions for "Under_line" folder in "UnderLineWidgetExtension" target */ = {
			isa = PBXFileSystemSynchronizedBuildFileExceptionSet;
			membershipExceptions = (
				Services/ReadingActivityManager.swift,
				Shared/ReadingTimerAttributes.swift,
			);
			target = 9EBA918B2F865000000EE9D1 /* UnderLineWidgetExtension */;
		};
		9EB62EC92F89448200C4486B /* Exceptions for "UnderLineWidget" folder in "Under_line" target */ = {
			isa = PBXFileSystemSynchronizedBuildFileExceptionSet;
			membershipExceptions = (
				ReadingTimerLiveActivityView.swift,
			);
			target = 9E562C082F710D0500B65177 /* Under_line */;
		};
		9EBA91A02F865001000EE9D1 /* Exceptions for "UnderLineWidget" folder in "UnderLineWidgetExtension" target */ = {
			isa = PBXFileSystemSynchronizedBuildFileExceptionSet;
			membershipExceptions = (
				Info.plist,
			);
			target = 9EBA918B2F865000000EE9D1 /* UnderLineWidgetExtension */;
		};
/* End PBXFileSystemSynchronizedBuildFileExceptionSet section */

/* Begin PBXFileSystemSynchronizedRootGroup section */
		9E562C0B2F710D0500B65177 /* Under_line */ = {
			isa = PBXFileSystemSynchronizedRootGroup;
			exceptions = (
				9E562C1B2F710D0700B65177 /* Exceptions for "Under_line" folder in "Under_line" target */,
				9EB62EC72F89434200C4486B /* Exceptions for "Under_line" folder in "UnderLineWidgetExtension" target */,
			);
			path = Under_line;
			sourceTree = "<group>";
		};
		9EBA91922F865000000EE9D1 /* UnderLineWidget */ = {
			isa = PBXFileSystemSynchronizedRootGroup;
			exceptions = (
				9EB62EC92F89448200C4486B /* Exceptions for "UnderLineWidget" folder in "Under_line" target */,
				9EBA91A02F865001000EE9D1 /* Exceptions for "UnderLineWidget" folder in "UnderLineWidgetExtension" target */,
			);
			path = UnderLineWidget;
			sourceTree = "<group>";
		};
/* End PBXFileSystemSynchronizedRootGroup section */

/* Begin PBXFrameworksBuildPhase section */
		9E562C062F710D0500B65177 /* Frameworks */ = {
			isa = PBXFrameworksBuildPhase;
			buildActionMask = 2147483647;
			files = (
				9E562CD02F71129C00B65177 /* RxSwift in Frameworks */,
				9E562CC82F71125600B65177 /* Toast in Frameworks */,
				9E562CCB2F71126B00B65177 /* Alamofire in Frameworks */,
				9E562CCE2F71129C00B65177 /* RxCocoa in Frameworks */,
				9E562CC52F71120100B65177 /* Kingfisher in Frameworks */,
				9E562CC22F71119200B65177 /* SnapKit in Frameworks */,
			);
			runOnlyForDeploymentPostprocessing = 0;
		};
		9EBA91892F865000000EE9D1 /* Frameworks */ = {
			isa = PBXFrameworksBuildPhase;
			buildActionMask = 2147483647;
			files = (
				9EBA91912F865000000EE9D1 /* SwiftUI.framework in Frameworks */,
				9EBA918F2F865000000EE9D1 /* WidgetKit.framework in Frameworks */,
			);
			runOnlyForDeploymentPostprocessing = 0;
		};
/* End PBXFrameworksBuildPhase section */

/* Begin PBXGroup section */
		9E562C002F710D0500B65177 = {
			isa = PBXGroup;
			children = (
				9EBA91A82F86501B000EE9D1 /* UnderLineWidgetExtension.entitlements */,
				9E562C0B2F710D0500B65177 /* Under_line */,
				9EBA91922F865000000EE9D1 /* UnderLineWidget */,
				9EBA918D2F865000000EE9D1 /* Frameworks */,
				9E562C0A2F710D0500B65177 /* Products */,
				9E562CD92F71299500B65177 /* 고양일산 L.TTF */,
				9E562CDA2F71299500B65177 /* 고양일산 R.TTF */,
				9E562CDD2F7129A400B65177 /* GowunBatang-Bold.ttf */,
				9E562CDE2F7129A400B65177 /* GowunBatang-Regular.ttf */,
			);
			sourceTree = "<group>";
		};
		9E562C0A2F710D0500B65177 /* Products */ = {
			isa = PBXGroup;
			children = (
				9E562C092F710D0500B65177 /* Under_line.app */,
				9EBA918C2F865000000EE9D1 /* UnderLineWidgetExtension.appex */,
			);
			name = Products;
			sourceTree = "<group>";
		};
		9EBA918D2F865000000EE9D1 /* Frameworks */ = {
			isa = PBXGroup;
			children = (
				9EBA918E2F865000000EE9D1 /* WidgetKit.framework */,
				9EBA91902F865000000EE9D1 /* SwiftUI.framework */,
			);
			name = Frameworks;
			sourceTree = "<group>";
		};
/* End PBXGroup section */

/* Begin PBXNativeTarget section */
		9E562C082F710D0500B65177 /* Under_line */ = {
			isa = PBXNativeTarget;
			buildConfigurationList = 9E562C1C2F710D0700B65177 /* Build configuration list for PBXNativeTarget "Under_line" */;
			buildPhases = (
				9E562C052F710D0500B65177 /* Sources */,
				9E562C062F710D0500B65177 /* Frameworks */,
				9E562C072F710D0500B65177 /* Resources */,
				9EBA91A12F865001000EE9D1 /* Embed Foundation Extensions */,
			);
			buildRules = (
			);
			dependencies = (
				9EBA919B2F865001000EE9D1 /* PBXTargetDependency */,
			);
			fileSystemSynchronizedGroups = (
				9E562C0B2F710D0500B65177 /* Under_line */,
			);
			name = Under_line;
			packageProductDependencies = (
				9E562CC12F71119200B65177 /* SnapKit */,
				9E562CC42F71120100B65177 /* Kingfisher */,
				9E562CC72F71125600B65177 /* Toast */,
				9E562CCA2F71126B00B65177 /* Alamofire */,
				9E562CCD2F71129C00B65177 /* RxCocoa */,
				9E562CCF2F71129C00B65177 /* RxSwift */,
			);
			productName = Under_line;
			productReference = 9E562C092F710D0500B65177 /* Under_line.app */;
			productType = "com.apple.product-type.application";
		};
		9EBA918B2F865000000EE9D1 /* UnderLineWidgetExtension */ = {
			isa = PBXNativeTarget;
			buildConfigurationList = 9EBA919D2F865001000EE9D1 /* Build configuration list for PBXNativeTarget "UnderLineWidgetExtension" */;
			buildPhases = (
				9EBA91882F865000000EE9D1 /* Sources */,
				9EBA91892F865000000EE9D1 /* Frameworks */,
				9EBA918A2F865000000EE9D1 /* Resources */,
			);
			buildRules = (
			);
			dependencies = (
			);
			fileSystemSynchronizedGroups = (
				9EBA91922F865000000EE9D1 /* UnderLineWidget */,
			);
			name = UnderLineWidgetExtension;
			packageProductDependencies = (
			);
			productName = UnderLineWidgetExtension;
			productReference = 9EBA918C2F865000000EE9D1 /* UnderLineWidgetExtension.appex */;
			productType = "com.apple.product-type.app-extension";
		};
/* End PBXNativeTarget section */

/* Begin PBXProject section */
		9E562C012F710D0500B65177 /* Project object */ = {
			isa = PBXProject;
			attributes = {
				BuildIndependentTargetsInParallel = 1;
				LastSwiftUpdateCheck = 2630;
				LastUpgradeCheck = 2630;
				TargetAttributes = {
					9E562C082F710D0500B65177 = {
						CreatedOnToolsVersion = 26.3;
					};
					9EBA918B2F865000000EE9D1 = {
						CreatedOnToolsVersion = 26.3;
					};
				};
			};
			buildConfigurationList = 9E562C042F710D0500B65177 /* Build configuration list for PBXProject "Under_line" */;
			developmentRegion = ko;
			hasScannedForEncodings = 0;
			knownRegions = (
				Base,
				ko,
			);
			mainGroup = 9E562C002F710D0500B65177;
			minimizedProjectReferenceProxies = 1;
			packageReferences = (
				9E562CC02F71119200B65177 /* XCRemoteSwiftPackageReference "SnapKit" */,
				9E562CC32F71120100B65177 /* XCRemoteSwiftPackageReference "Kingfisher" */,
				9E562CC62F71125600B65177 /* XCRemoteSwiftPackageReference "Toast-Swift" */,
				9E562CC92F71126B00B65177 /* XCRemoteSwiftPackageReference "Alamofire" */,
				9E562CCC2F71129C00B65177 /* XCRemoteSwiftPackageReference "RxSwift" */,
			);
			preferredProjectObjectVersion = 77;
			productRefGroup = 9E562C0A2F710D0500B65177 /* Products */;
			projectDirPath = "";
			projectRoot = "";
			targets = (
				9E562C082F710D0500B65177 /* Under_line */,
				9EBA918B2F865000000EE9D1 /* UnderLineWidgetExtension */,
			);
		};
/* End PBXProject section */

/* Begin PBXResourcesBuildPhase section */
		9E562C072F710D0500B65177 /* Resources */ = {
			isa = PBXResourcesBuildPhase;
			buildActionMask = 2147483647;
			files = (
				9E562CDB2F71299500B65177 /* 고양일산 L.TTF in Resources */,
				9E562CDF2F7129A400B65177 /* GowunBatang-Bold.ttf in Resources */,
				9E562CE02F7129A400B65177 /* GowunBatang-Regular.ttf in Resources */,
				9E562CDC2F71299500B65177 /* 고양일산 R.TTF in Resources */,
			);
			runOnlyForDeploymentPostprocessing = 0;
		};
		9EBA918A2F865000000EE9D1 /* Resources */ = {
			isa = PBXResourcesBuildPhase;
			buildActionMask = 2147483647;
			files = (
				9EBA91AC2F86545F000EE9D1 /* 고양일산 L.TTF in Resources */,
				9EBA91AD2F86545F000EE9D1 /* 고양일산 R.TTF in Resources */,
				9EBA91AE2F86545F000EE9D1 /* GowunBatang-Bold.ttf in Resources */,
				9EBA91AF2F86545F000EE9D1 /* GowunBatang-Regular.ttf in Resources */,
			);
			runOnlyForDeploymentPostprocessing = 0;
		};
/* End PBXResourcesBuildPhase section */

/* Begin PBXSourcesBuildPhase section */
		9E562C052F710D0500B65177 /* Sources */ = {
			isa = PBXSourcesBuildPhase;
			buildActionMask = 2147483647;
			files = (
			);
			runOnlyForDeploymentPostprocessing = 0;
		};
		9EBA91882F865000000EE9D1 /* Sources */ = {
			isa = PBXSourcesBuildPhase;
			buildActionMask = 2147483647;
			files = (
			);
			runOnlyForDeploymentPostprocessing = 0;
		};
/* End PBXSourcesBuildPhase section */

/* Begin PBXTargetDependency section */
		9EBA919B2F865001000EE9D1 /* PBXTargetDependency */ = {
			isa = PBXTargetDependency;
			target = 9EBA918B2F865000000EE9D1 /* UnderLineWidgetExtension */;
			targetProxy = 9EBA919A2F865001000EE9D1 /* PBXContainerItemProxy */;
		};
/* End PBXTargetDependency section */

/* Begin XCBuildConfiguration section */
		9E562C1D2F710D0700B65177 /* Debug */ = {
			isa = XCBuildConfiguration;
			buildSettings = {
				ASSETCATALOG_COMPILER_APPICON_NAME = AppIcon;
				ASSETCATALOG_COMPILER_GLOBAL_ACCENT_COLOR_NAME = AccentColor;
				CODE_SIGN_ENTITLEMENTS = Under_line/Under_line.entitlements;
				CODE_SIGN_STYLE = Automatic;
				CURRENT_PROJECT_VERSION = 1;
				DEVELOPMENT_TEAM = VR5Z389FF7;
				GENERATE_INFOPLIST_FILE = YES;
				INFOPLIST_FILE = Under_line/Info.plist;
				INFOPLIST_KEY_CFBundleDisplayName = "밑줄";
				INFOPLIST_KEY_LSApplicationCategoryType = "public.app-category.books";
				INFOPLIST_KEY_NSCameraUsageDescription = "책의 밑줄 부분을 촬영하여 문장을 수집합니다.";
				INFOPLIST_KEY_NSPhotoLibraryAddUsageDescription = "생성한 카드를 사진 앱에 저장하기 위해 접근 권한이 필요합니다.";
				INFOPLIST_KEY_UIApplicationSupportsIndirectInputEvents = YES;
				INFOPLIST_KEY_UILaunchStoryboardName = LaunchScreen;
				INFOPLIST_KEY_UIStatusBarHidden = YES;
				INFOPLIST_KEY_UIStatusBarStyle = UIStatusBarStyleDarkContent;
				INFOPLIST_KEY_UISupportedInterfaceOrientations = UIInterfaceOrientationPortrait;
				INFOPLIST_KEY_UISupportedInterfaceOrientations_iPad = "UIInterfaceOrientationLandscapeLeft UIInterfaceOrientationLandscapeRight UIInterfaceOrientationPortrait UIInterfaceOrientationPortraitUpsideDown";
				INFOPLIST_KEY_UIUserInterfaceStyle = Light;
				IPHONEOS_DEPLOYMENT_TARGET = 17.6;
				LD_RUNPATH_SEARCH_PATHS = (
					"$(inherited)",
					"@executable_path/Frameworks",
				);
				MARKETING_VERSION = 1.2.2;
				PRODUCT_BUNDLE_IDENTIFIER = com.jade.UnderLine;
				PRODUCT_NAME = "$(TARGET_NAME)";
				STRING_CATALOG_GENERATE_SYMBOLS = YES;
				SUPPORTED_PLATFORMS = "iphoneos iphonesimulator";
				SUPPORTS_MACCATALYST = NO;
				SUPPORTS_MAC_DESIGNED_FOR_IPHONE_IPAD = NO;
				SUPPORTS_XR_DESIGNED_FOR_IPHONE_IPAD = NO;
				SWIFT_APPROACHABLE_CONCURRENCY = YES;
				SWIFT_DEFAULT_ACTOR_ISOLATION = MainActor;
				SWIFT_EMIT_LOC_STRINGS = YES;
				SWIFT_UPCOMING_FEATURE_MEMBER_IMPORT_VISIBILITY = YES;
				SWIFT_VERSION = 5.0;
				TARGETED_DEVICE_FAMILY = "1,2";
			};
			name = Debug;
		};
		9E562C1E2F710D0700B65177 /* Release */ = {
			isa = XCBuildConfiguration;
			buildSettings = {
				ASSETCATALOG_COMPILER_APPICON_NAME = AppIcon;
				ASSETCATALOG_COMPILER_GLOBAL_ACCENT_COLOR_NAME = AccentColor;
				CODE_SIGN_ENTITLEMENTS = Under_line/Under_line.entitlements;
				CODE_SIGN_STYLE = Automatic;
				CURRENT_PROJECT_VERSION = 1;
				DEVELOPMENT_TEAM = VR5Z389FF7;
				GENERATE_INFOPLIST_FILE = YES;
				INFOPLIST_FILE = Under_line/Info.plist;
				INFOPLIST_KEY_CFBundleDisplayName = "밑줄";
				INFOPLIST_KEY_LSApplicationCategoryType = "public.app-category.books";
				INFOPLIST_KEY_NSCameraUsageDescription = "책의 밑줄 부분을 촬영하여 문장을 수집합니다.";
				INFOPLIST_KEY_NSPhotoLibraryAddUsageDescription = "생성한 카드를 사진 앱에 저장하기 위해 접근 권한이 필요합니다.";
				INFOPLIST_KEY_UIApplicationSupportsIndirectInputEvents = YES;
				INFOPLIST_KEY_UILaunchStoryboardName = LaunchScreen;
				INFOPLIST_KEY_UIStatusBarHidden = YES;
				INFOPLIST_KEY_UIStatusBarStyle = UIStatusBarStyleDarkContent;
				INFOPLIST_KEY_UISupportedInterfaceOrientations = UIInterfaceOrientationPortrait;
				INFOPLIST_KEY_UISupportedInterfaceOrientations_iPad = "UIInterfaceOrientationLandscapeLeft UIInterfaceOrientationLandscapeRight UIInterfaceOrientationPortrait UIInterfaceOrientationPortraitUpsideDown";
				INFOPLIST_KEY_UIUserInterfaceStyle = Light;
				IPHONEOS_DEPLOYMENT_TARGET = 17.6;
				LD_RUNPATH_SEARCH_PATHS = (
					"$(inherited)",
					"@executable_path/Frameworks",
				);
				MARKETING_VERSION = 1.2.2;
				PRODUCT_BUNDLE_IDENTIFIER = com.jade.UnderLine;
				PRODUCT_NAME = "$(TARGET_NAME)";
				STRING_CATALOG_GENERATE_SYMBOLS = YES;
				SUPPORTED_PLATFORMS = "iphoneos iphonesimulator";
				SUPPORTS_MACCATALYST = NO;
				SUPPORTS_MAC_DESIGNED_FOR_IPHONE_IPAD = NO;
				SUPPORTS_XR_DESIGNED_FOR_IPHONE_IPAD = NO;
				SWIFT_APPROACHABLE_CONCURRENCY = YES;
				SWIFT_DEFAULT_ACTOR_ISOLATION = MainActor;
				SWIFT_EMIT_LOC_STRINGS = YES;
				SWIFT_UPCOMING_FEATURE_MEMBER_IMPORT_VISIBILITY = YES;
				SWIFT_VERSION = 5.0;
				TARGETED_DEVICE_FAMILY = "1,2";
			};
			name = Release;
		};
		9E562C1F2F710D0700B65177 /* Debug */ = {
			isa = XCBuildConfiguration;
			buildSettings = {
				ALWAYS_SEARCH_USER_PATHS = NO;
				ASSETCATALOG_COMPILER_GENERATE_SWIFT_ASSET_SYMBOL_EXTENSIONS = YES;
				CLANG_ANALYZER_NONNULL = YES;
				CLANG_ANALYZER_NUMBER_OBJECT_CONVERSION = YES_AGGRESSIVE;
				CLANG_CXX_LANGUAGE_STANDARD = "gnu++20";
				CLANG_ENABLE_MODULES = YES;
				CLANG_ENABLE_OBJC_ARC = YES;
				CLANG_ENABLE_OBJC_WEAK = YES;
				CLANG_WARN_BLOCK_CAPTURE_AUTORELEASING = YES;
				CLANG_WARN_BOOL_CONVERSION = YES;
				CLANG_WARN_COMMA = YES;
				CLANG_WARN_CONSTANT_CONVERSION = YES;
				CLANG_WARN_DEPRECATED_OBJC_IMPLEMENTATIONS = YES;
				CLANG_WARN_DIRECT_OBJC_ISA_USAGE = YES_ERROR;
				CLANG_WARN_DOCUMENTATION_COMMENTS = YES;
				CLANG_WARN_EMPTY_BODY = YES;
				CLANG_WARN_ENUM_CONVERSION = YES;
				CLANG_WARN_INFINITE_RECURSION = YES;
				CLANG_WARN_INT_CONVERSION = YES;
				CLANG_WARN_NON_LITERAL_NULL_CONVERSION = YES;
				CLANG_WARN_OBJC_IMPLICIT_RETAIN_SELF = YES;
				CLANG_WARN_OBJC_LITERAL_CONVERSION = YES;
				CLANG_WARN_OBJC_ROOT_CLASS = YES_ERROR;
				CLANG_WARN_QUOTED_INCLUDE_IN_FRAMEWORK_HEADER = YES;
				CLANG_WARN_RANGE_LOOP_ANALYSIS = YES;
				CLANG_WARN_STRICT_PROTOTYPES = YES;
				CLANG_WARN_SUSPICIOUS_MOVE = YES;
				CLANG_WARN_UNGUARDED_AVAILABILITY = YES_AGGRESSIVE;
				CLANG_WARN_UNREACHABLE_CODE = YES;
				CLANG_WARN__DUPLICATE_METHOD_MATCH = YES;
				COPY_PHASE_STRIP = NO;
				DEBUG_INFORMATION_FORMAT = dwarf;
				DEVELOPMENT_TEAM = ACJMUH34H4;
				ENABLE_STRICT_OBJC_MSGSEND = YES;
				ENABLE_TESTABILITY = YES;
				ENABLE_USER_SCRIPT_SANDBOXING = YES;
				GCC_C_LANGUAGE_STANDARD = gnu17;
				GCC_DYNAMIC_NO_PIC = NO;
				GCC_NO_COMMON_BLOCKS = YES;
				GCC_OPTIMIZATION_LEVEL = 0;
				GCC_PREPROCESSOR_DEFINITIONS = (
					"DEBUG=1",
					"$(inherited)",
				);
				GCC_WARN_64_TO_32_BIT_CONVERSION = YES;
				GCC_WARN_ABOUT_RETURN_TYPE = YES_ERROR;
				GCC_WARN_UNDECLARED_SELECTOR = YES;
				GCC_WARN_UNINITIALIZED_AUTOS = YES_AGGRESSIVE;
				GCC_WARN_UNUSED_FUNCTION = YES;
				GCC_WARN_UNUSED_VARIABLE = YES;
				IPHONEOS_DEPLOYMENT_TARGET = 26.2;
				LOCALIZATION_PREFERS_STRING_CATALOGS = YES;
				MTL_ENABLE_DEBUG_INFO = INCLUDE_SOURCE;
				MTL_FAST_MATH = YES;
				ONLY_ACTIVE_ARCH = YES;
				SDKROOT = iphoneos;
				SWIFT_ACTIVE_COMPILATION_CONDITIONS = "DEBUG $(inherited)";
				SWIFT_OPTIMIZATION_LEVEL = "-Onone";
			};
			name = Debug;
		};
		9E562C202F710D0700B65177 /* Release */ = {
			isa = XCBuildConfiguration;
			buildSettings = {
				ALWAYS_SEARCH_USER_PATHS = NO;
				ASSETCATALOG_COMPILER_GENERATE_SWIFT_ASSET_SYMBOL_EXTENSIONS = YES;
				CLANG_ANALYZER_NONNULL = YES;
				CLANG_ANALYZER_NUMBER_OBJECT_CONVERSION = YES_AGGRESSIVE;
				CLANG_CXX_LANGUAGE_STANDARD = "gnu++20";
				CLANG_ENABLE_MODULES = YES;
				CLANG_ENABLE_OBJC_ARC = YES;
				CLANG_ENABLE_OBJC_WEAK = YES;
				CLANG_WARN_BLOCK_CAPTURE_AUTORELEASING = YES;
				CLANG_WARN_BOOL_CONVERSION = YES;
				CLANG_WARN_COMMA = YES;
				CLANG_WARN_CONSTANT_CONVERSION = YES;
				CLANG_WARN_DEPRECATED_OBJC_IMPLEMENTATIONS = YES;
				CLANG_WARN_DIRECT_OBJC_ISA_USAGE = YES_ERROR;
				CLANG_WARN_DOCUMENTATION_COMMENTS = YES;
				CLANG_WARN_EMPTY_BODY = YES;
				CLANG_WARN_ENUM_CONVERSION = YES;
				CLANG_WARN_INFINITE_RECURSION = YES;
				CLANG_WARN_INT_CONVERSION = YES;
				CLANG_WARN_NON_LITERAL_NULL_CONVERSION = YES;
				CLANG_WARN_OBJC_IMPLICIT_RETAIN_SELF = YES;
				CLANG_WARN_OBJC_LITERAL_CONVERSION = YES;
				CLANG_WARN_OBJC_ROOT_CLASS = YES_ERROR;
				CLANG_WARN_QUOTED_INCLUDE_IN_FRAMEWORK_HEADER = YES;
				CLANG_WARN_RANGE_LOOP_ANALYSIS = YES;
				CLANG_WARN_STRICT_PROTOTYPES = YES;
				CLANG_WARN_SUSPICIOUS_MOVE = YES;
				CLANG_WARN_UNGUARDED_AVAILABILITY = YES_AGGRESSIVE;
				CLANG_WARN_UNREACHABLE_CODE = YES;
				CLANG_WARN__DUPLICATE_METHOD_MATCH = YES;
				COPY_PHASE_STRIP = NO;
				DEBUG_INFORMATION_FORMAT = "dwarf-with-dsym";
				DEVELOPMENT_TEAM = ACJMUH34H4;
				ENABLE_NS_ASSERTIONS = NO;
				ENABLE_STRICT_OBJC_MSGSEND = YES;
				ENABLE_USER_SCRIPT_SANDBOXING = YES;
				GCC_C_LANGUAGE_STANDARD = gnu17;
				GCC_NO_COMMON_BLOCKS = YES;
				GCC_WARN_64_TO_32_BIT_CONVERSION = YES;
				GCC_WARN_ABOUT_RETURN_TYPE = YES_ERROR;
				GCC_WARN_UNDECLARED_SELECTOR = YES;
				GCC_WARN_UNINITIALIZED_AUTOS = YES_AGGRESSIVE;
				GCC_WARN_UNUSED_FUNCTION = YES;
				GCC_WARN_UNUSED_VARIABLE = YES;
				IPHONEOS_DEPLOYMENT_TARGET = 26.2;
				LOCALIZATION_PREFERS_STRING_CATALOGS = YES;
				MTL_ENABLE_DEBUG_INFO = NO;
				MTL_FAST_MATH = YES;
				SDKROOT = iphoneos;
				SWIFT_COMPILATION_MODE = wholemodule;
				VALIDATE_PRODUCT = YES;
			};
			name = Release;
		};
		9EBA919E2F865001000EE9D1 /* Debug */ = {
			isa = XCBuildConfiguration;
			buildSettings = {
				ASSETCATALOG_COMPILER_GLOBAL_ACCENT_COLOR_NAME = AccentColor;
				ASSETCATALOG_COMPILER_WIDGET_BACKGROUND_COLOR_NAME = WidgetBackground;
				CODE_SIGN_ENTITLEMENTS = UnderLineWidgetExtension.entitlements;
				CODE_SIGN_STYLE = Automatic;
				CURRENT_PROJECT_VERSION = 1;
				DEVELOPMENT_ASSET_PATHS = "GowunBatang-Regular.ttf 고양일산\\ L.TTF GowunBatang-Bold.ttf 고양일산\\ R.TTF";
				DEVELOPMENT_TEAM = VR5Z389FF7;
				GENERATE_INFOPLIST_FILE = YES;
				INFOPLIST_FILE = UnderLineWidget/Info.plist;
				INFOPLIST_KEY_CFBundleDisplayName = UnderLineWidget;
				INFOPLIST_KEY_NSHumanReadableCopyright = "";
				IPHONEOS_DEPLOYMENT_TARGET = 17.6;
				LD_RUNPATH_SEARCH_PATHS = (
					"$(inherited)",
					"@executable_path/Frameworks",
					"@executable_path/../../Frameworks",
				);
				MARKETING_VERSION = 1.2;
				PRODUCT_BUNDLE_IDENTIFIER = com.jade.UnderLine.UnderLineWidget;
				PRODUCT_NAME = "$(TARGET_NAME)";
				SKIP_INSTALL = YES;
				STRING_CATALOG_GENERATE_SYMBOLS = YES;
				SUPPORTED_PLATFORMS = "iphoneos iphonesimulator";
				SUPPORTS_MACCATALYST = NO;
				SUPPORTS_XR_DESIGNED_FOR_IPHONE_IPAD = NO;
				SWIFT_EMIT_LOC_STRINGS = YES;
				SWIFT_UPCOMING_FEATURE_MEMBER_IMPORT_VISIBILITY = YES;
				SWIFT_VERSION = 5.0;
				TARGETED_DEVICE_FAMILY = "1,2";
			};
			name = Debug;
		};
		9EBA919F2F865001000EE9D1 /* Release */ = {
			isa = XCBuildConfiguration;
			buildSettings = {
				ASSETCATALOG_COMPILER_GLOBAL_ACCENT_COLOR_NAME = AccentColor;
				ASSETCATALOG_COMPILER_WIDGET_BACKGROUND_COLOR_NAME = WidgetBackground;
				CODE_SIGN_ENTITLEMENTS = UnderLineWidgetExtension.entitlements;
				CODE_SIGN_STYLE = Automatic;
				CURRENT_PROJECT_VERSION = 1;
				DEVELOPMENT_ASSET_PATHS = "GowunBatang-Regular.ttf 고양일산\\ L.TTF GowunBatang-Bold.ttf 고양일산\\ R.TTF";
				DEVELOPMENT_TEAM = VR5Z389FF7;
				GENERATE_INFOPLIST_FILE = YES;
				INFOPLIST_FILE = UnderLineWidget/Info.plist;
				INFOPLIST_KEY_CFBundleDisplayName = UnderLineWidget;
				INFOPLIST_KEY_NSHumanReadableCopyright = "";
				IPHONEOS_DEPLOYMENT_TARGET = 17.6;
				LD_RUNPATH_SEARCH_PATHS = (
					"$(inherited)",
					"@executable_path/Frameworks",
					"@executable_path/../../Frameworks",
				);
				MARKETING_VERSION = 1.2;
				PRODUCT_BUNDLE_IDENTIFIER = com.jade.UnderLine.UnderLineWidget;
				PRODUCT_NAME = "$(TARGET_NAME)";
				SKIP_INSTALL = YES;
				STRING_CATALOG_GENERATE_SYMBOLS = YES;
				SUPPORTED_PLATFORMS = "iphoneos iphonesimulator";
				SUPPORTS_MACCATALYST = NO;
				SUPPORTS_XR_DESIGNED_FOR_IPHONE_IPAD = NO;
				SWIFT_EMIT_LOC_STRINGS = YES;
				SWIFT_UPCOMING_FEATURE_MEMBER_IMPORT_VISIBILITY = YES;
				SWIFT_VERSION = 5.0;
				TARGETED_DEVICE_FAMILY = "1,2";
			};
			name = Release;
		};
/* End XCBuildConfiguration section */

/* Begin XCConfigurationList section */
		9E562C042F710D0500B65177 /* Build configuration list for PBXProject "Under_line" */ = {
			isa = XCConfigurationList;
			buildConfigurations = (
				9E562C1F2F710D0700B65177 /* Debug */,
				9E562C202F710D0700B65177 /* Release */,
			);
			defaultConfigurationIsVisible = 0;
			defaultConfigurationName = Release;
		};
		9E562C1C2F710D0700B65177 /* Build configuration list for PBXNativeTarget "Under_line" */ = {
			isa = XCConfigurationList;
			buildConfigurations = (
				9E562C1D2F710D0700B65177 /* Debug */,
				9E562C1E2F710D0700B65177 /* Release */,
			);
			defaultConfigurationIsVisible = 0;
			defaultConfigurationName = Release;
		};
		9EBA919D2F865001000EE9D1 /* Build configuration list for PBXNativeTarget "UnderLineWidgetExtension" */ = {
			isa = XCConfigurationList;
			buildConfigurations = (
				9EBA919E2F865001000EE9D1 /* Debug */,
				9EBA919F2F865001000EE9D1 /* Release */,
			);
			defaultConfigurationIsVisible = 0;
			defaultConfigurationName = Release;
		};
/* End XCConfigurationList section */

/* Begin XCRemoteSwiftPackageReference section */
		9E562CC02F71119200B65177 /* XCRemoteSwiftPackageReference "SnapKit" */ = {
			isa = XCRemoteSwiftPackageReference;
			repositoryURL = "https://github.com/SnapKit/SnapKit.git";
			requirement = {
				kind = upToNextMajorVersion;
				minimumVersion = 5.7.1;
			};
		};
		9E562CC32F71120100B65177 /* XCRemoteSwiftPackageReference "Kingfisher" */ = {
			isa = XCRemoteSwiftPackageReference;
			repositoryURL = "https://github.com/onevcat/Kingfisher";
			requirement = {
				kind = upToNextMajorVersion;
				minimumVersion = 8.8.0;
			};
		};
		9E562CC62F71125600B65177 /* XCRemoteSwiftPackageReference "Toast-Swift" */ = {
			isa = XCRemoteSwiftPackageReference;
			repositoryURL = "https://github.com/scalessec/Toast-Swift.git";
			requirement = {
				kind = upToNextMajorVersion;
				minimumVersion = 5.1.1;
			};
		};
		9E562CC92F71126B00B65177 /* XCRemoteSwiftPackageReference "Alamofire" */ = {
			isa = XCRemoteSwiftPackageReference;
			repositoryURL = "https://github.com/Alamofire/Alamofire";
			requirement = {
				kind = upToNextMajorVersion;
				minimumVersion = 5.11.1;
			};
		};
		9E562CCC2F71129C00B65177 /* XCRemoteSwiftPackageReference "RxSwift" */ = {
			isa = XCRemoteSwiftPackageReference;
			repositoryURL = "https://github.com/ReactiveX/RxSwift.git";
			requirement = {
				kind = upToNextMajorVersion;
				minimumVersion = 6.10.2;
			};
		};
/* End XCRemoteSwiftPackageReference section */

/* Begin XCSwiftPackageProductDependency section */
		9E562CC12F71119200B65177 /* SnapKit */ = {
			isa = XCSwiftPackageProductDependency;
			package = 9E562CC02F71119200B65177 /* XCRemoteSwiftPackageReference "SnapKit" */;
			productName = SnapKit;
		};
		9E562CC42F71120100B65177 /* Kingfisher */ = {
			isa = XCSwiftPackageProductDependency;
			package = 9E562CC32F71120100B65177 /* XCRemoteSwiftPackageReference "Kingfisher" */;
			productName = Kingfisher;
		};
		9E562CC72F71125600B65177 /* Toast */ = {
			isa = XCSwiftPackageProductDependency;
			package = 9E562CC62F71125600B65177 /* XCRemoteSwiftPackageReference "Toast-Swift" */;
			productName = Toast;
		};
		9E562CCA2F71126B00B65177 /* Alamofire */ = {
			isa = XCSwiftPackageProductDependency;
			package = 9E562CC92F71126B00B65177 /* XCRemoteSwiftPackageReference "Alamofire" */;
			productName = Alamofire;
		};
		9E562CCD2F71129C00B65177 /* RxCocoa */ = {
			isa = XCSwiftPackageProductDependency;
			package = 9E562CCC2F71129C00B65177 /* XCRemoteSwiftPackageReference "RxSwift" */;
			productName = RxCocoa;
		};
		9E562CCF2F71129C00B65177 /* RxSwift */ = {
			isa = XCSwiftPackageProductDependency;
			package = 9E562CCC2F71129C00B65177 /* XCRemoteSwiftPackageReference "RxSwift" */;
			productName = RxSwift;
		};
/* End XCSwiftPackageProductDependency section */
	};
	rootObject = 9E562C012F710D0500B65177 /* Project object */;
}
